// !$*UTF8*$!
{
	archiveVersion = 1;
	classes = {
	};
	objectVersion = 46;
	objects = {

/* Begin PBXBuildFile section */
		AB089F1E1A778EA100C96FE6 /* ROOFTOPS-HORIZON-WALLPAPER-3 (1).jpg in Resources */ = {isa = PBXBuildFile; fileRef = AB089F1D1A778EA100C96FE6 /* ROOFTOPS-HORIZON-WALLPAPER-3 (1).jpg */; };
		AB1A94901A65172500364346 /* AFHTTPRequestOperation.m in Sources */ = {isa = PBXBuildFile; fileRef = AB1A947E1A65172500364346 /* AFHTTPRequestOperation.m */; };
		AB1A94911A65172500364346 /* AFHTTPRequestOperationManager.m in Sources */ = {isa = PBXBuildFile; fileRef = AB1A94801A65172500364346 /* AFHTTPRequestOperationManager.m */; };
		AB1A94921A65172500364346 /* AFHTTPSessionManager.m in Sources */ = {isa = PBXBuildFile; fileRef = AB1A94821A65172500364346 /* AFHTTPSessionManager.m */; };
		AB1A94931A65172500364346 /* AFNetworkReachabilityManager.m in Sources */ = {isa = PBXBuildFile; fileRef = AB1A94851A65172500364346 /* AFNetworkReachabilityManager.m */; };
		AB1A94941A65172500364346 /* AFSecurityPolicy.m in Sources */ = {isa = PBXBuildFile; fileRef = AB1A94871A65172500364346 /* AFSecurityPolicy.m */; };
		AB1A94951A65172500364346 /* AFURLConnectionOperation.m in Sources */ = {isa = PBXBuildFile; fileRef = AB1A94891A65172500364346 /* AFURLConnectionOperation.m */; };
		AB1A94961A65172500364346 /* AFURLRequestSerialization.m in Sources */ = {isa = PBXBuildFile; fileRef = AB1A948B1A65172500364346 /* AFURLRequestSerialization.m */; };
		AB1A94971A65172500364346 /* AFURLResponseSerialization.m in Sources */ = {isa = PBXBuildFile; fileRef = AB1A948D1A65172500364346 /* AFURLResponseSerialization.m */; };
		AB1A94981A65172500364346 /* AFURLSessionManager.m in Sources */ = {isa = PBXBuildFile; fileRef = AB1A948F1A65172500364346 /* AFURLSessionManager.m */; };
		AB1A94AB1A65173900364346 /* AFNetworkActivityIndicatorManager.m in Sources */ = {isa = PBXBuildFile; fileRef = AB1A949B1A65173900364346 /* AFNetworkActivityIndicatorManager.m */; };
		AB1A94AC1A65173900364346 /* UIActivityIndicatorView+AFNetworking.m in Sources */ = {isa = PBXBuildFile; fileRef = AB1A949D1A65173900364346 /* UIActivityIndicatorView+AFNetworking.m */; };
		AB1A94AD1A65173900364346 /* UIAlertView+AFNetworking.m in Sources */ = {isa = PBXBuildFile; fileRef = AB1A949F1A65173900364346 /* UIAlertView+AFNetworking.m */; };
		AB1A94AE1A65173900364346 /* UIButton+AFNetworking.m in Sources */ = {isa = PBXBuildFile; fileRef = AB1A94A11A65173900364346 /* UIButton+AFNetworking.m */; };
		AB1A94AF1A65173900364346 /* UIImageView+AFNetworking.m in Sources */ = {isa = PBXBuildFile; fileRef = AB1A94A31A65173900364346 /* UIImageView+AFNetworking.m */; };
		AB1A94B01A65173900364346 /* UIProgressView+AFNetworking.m in Sources */ = {isa = PBXBuildFile; fileRef = AB1A94A61A65173900364346 /* UIProgressView+AFNetworking.m */; };
		AB1A94B11A65173900364346 /* UIRefreshControl+AFNetworking.m in Sources */ = {isa = PBXBuildFile; fileRef = AB1A94A81A65173900364346 /* UIRefreshControl+AFNetworking.m */; };
		AB1A94B21A65173900364346 /* UIWebView+AFNetworking.m in Sources */ = {isa = PBXBuildFile; fileRef = AB1A94AA1A65173900364346 /* UIWebView+AFNetworking.m */; };
		AB1A94B51A6518B500364346 /* DataManager.m in Sources */ = {isa = PBXBuildFile; fileRef = AB1A94B41A6518B500364346 /* DataManager.m */; };
		AB443F0919E8610D004D1B0E /* main.m in Sources */ = {isa = PBXBuildFile; fileRef = AB443F0819E8610D004D1B0E /* main.m */; };
		AB443F0C19E8610D004D1B0E /* AppDelegate.m in Sources */ = {isa = PBXBuildFile; fileRef = AB443F0B19E8610D004D1B0E /* AppDelegate.m */; };
		AB443F1219E8610D004D1B0E /* Main.storyboard in Resources */ = {isa = PBXBuildFile; fileRef = AB443F1019E8610D004D1B0E /* Main.storyboard */; };
		AB443F1419E8610D004D1B0E /* Images.xcassets in Resources */ = {isa = PBXBuildFile; fileRef = AB443F1319E8610D004D1B0E /* Images.xcassets */; };
		AB443F1719E8610D004D1B0E /* LaunchScreen.xib in Resources */ = {isa = PBXBuildFile; fileRef = AB443F1519E8610D004D1B0E /* LaunchScreen.xib */; };
		AB443F2319E8610D004D1B0E /* RooftopsHorizonTests.m in Sources */ = {isa = PBXBuildFile; fileRef = AB443F2219E8610D004D1B0E /* RooftopsHorizonTests.m */; };
		AB5261311A763A4C00884C82 /* WSGetArtists.m in Sources */ = {isa = PBXBuildFile; fileRef = AB5261301A763A4C00884C82 /* WSGetArtists.m */; };
		AB79BB9D1A6ADDCD00C607B7 /* Crashlytics.framework in Frameworks */ = {isa = PBXBuildFile; fileRef = AB79BB9B1A6ADDCD00C607B7 /* Crashlytics.framework */; };
		AB79BB9E1A6ADDCD00C607B7 /* Fabric.framework in Frameworks */ = {isa = PBXBuildFile; fileRef = AB79BB9C1A6ADDCD00C607B7 /* Fabric.framework */; };
		ABA270C51A3AF22800FD78F9 /* logo_rh.png in Resources */ = {isa = PBXBuildFile; fileRef = ABA270C41A3AF22800FD78F9 /* logo_rh.png */; };
		ABAC54131A7638D0004D6A1C /* WSRooftopsHorizon.m in Sources */ = {isa = PBXBuildFile; fileRef = ABAC54121A7638D0004D6A1C /* WSRooftopsHorizon.m */; };
		ABBF2D7D1A81730800912A41 /* logo_rh_min.png in Resources */ = {isa = PBXBuildFile; fileRef = ABBF2D7C1A81730800912A41 /* logo_rh_min.png */; };
		ABBF2D801A81782600912A41 /* logo_rh_min@2x.png in Resources */ = {isa = PBXBuildFile; fileRef = ABBF2D7E1A81782600912A41 /* logo_rh_min@2x.png */; };
		ABBF2D811A81782600912A41 /* logo_rh_min@3x.png in Resources */ = {isa = PBXBuildFile; fileRef = ABBF2D7F1A81782600912A41 /* logo_rh_min@3x.png */; };
		ABBF2D841A81796D00912A41 /* DrawerViewController.m in Sources */ = {isa = PBXBuildFile; fileRef = ABBF2D831A81796D00912A41 /* DrawerViewController.m */; };
		ABC076951A77910A00CDA0F3 /* LOGO_ROOFTOPS-HORIZON-Blanc.png in Resources */ = {isa = PBXBuildFile; fileRef = ABC076941A77910A00CDA0F3 /* LOGO_ROOFTOPS-HORIZON-Blanc.png */; };
		ABC076971A77989A00CDA0F3 /* bg_nuit.png in Resources */ = {isa = PBXBuildFile; fileRef = ABC076961A77989A00CDA0F3 /* bg_nuit.png */; };
		ABC076991A779B2C00CDA0F3 /* 0.png in Resources */ = {isa = PBXBuildFile; fileRef = ABC076981A779B2C00CDA0F3 /* 0.png */; };
		ABC0769E1A779B6000CDA0F3 /* 5.png in Resources */ = {isa = PBXBuildFile; fileRef = ABC0769D1A779B6000CDA0F3 /* 5.png */; };
		ABC076A01A779B6F00CDA0F3 /* 4.png in Resources */ = {isa = PBXBuildFile; fileRef = ABC0769F1A779B6F00CDA0F3 /* 4.png */; };
		ABC076A21A779B7C00CDA0F3 /* 3.png in Resources */ = {isa = PBXBuildFile; fileRef = ABC076A11A779B7C00CDA0F3 /* 3.png */; };
		ABC076A51A779B9000CDA0F3 /* 2.png in Resources */ = {isa = PBXBuildFile; fileRef = ABC076A41A779B9000CDA0F3 /* 2.png */; };
		ABC076A71A779C0600CDA0F3 /* 1.png in Resources */ = {isa = PBXBuildFile; fileRef = ABC076A61A779C0600CDA0F3 /* 1.png */; };
		ABC076AB1A77A29800CDA0F3 /* SWRevealViewController.m in Sources */ = {isa = PBXBuildFile; fileRef = ABC076AA1A77A29800CDA0F3 /* SWRevealViewController.m */; };
		ABC2E7C81A80C4B9005ACF1B /* HomeViewController.m in Sources */ = {isa = PBXBuildFile; fileRef = ABC2E7C71A80C4B9005ACF1B /* HomeViewController.m */; };
		ABCCFBAB1A80DF6D00CA29C6 /* UIScrollView+APParallaxHeader.m in Sources */ = {isa = PBXBuildFile; fileRef = ABCCFBAA1A80DF6D00CA29C6 /* UIScrollView+APParallaxHeader.m */; };
		ABE026041A82114000E256E7 /* HomeHeader.xib in Resources */ = {isa = PBXBuildFile; fileRef = ABE026031A82114000E256E7 /* HomeHeader.xib */; };
		ABE0A5361A822304004752BC /* CSStickyHeaderFlowLayout.m in Sources */ = {isa = PBXBuildFile; fileRef = ABE0A52F1A822304004752BC /* CSStickyHeaderFlowLayout.m */; };
		ABE0A5371A822304004752BC /* CSStickyHeaderFlowLayoutAttributes.m in Sources */ = {isa = PBXBuildFile; fileRef = ABE0A5311A822304004752BC /* CSStickyHeaderFlowLayoutAttributes.m */; };
		ABE0A5381A822304004752BC /* .gitkeep in Resources */ = {isa = PBXBuildFile; fileRef = ABE0A5331A822304004752BC /* .gitkeep */; };
		ABE0A5391A822304004752BC /* .gitkeep in Resources */ = {isa = PBXBuildFile; fileRef = ABE0A5351A822304004752BC /* .gitkeep */; };
		ABE0A53D1A8226A7004752BC /* HomeCell.m in Sources */ = {isa = PBXBuildFile; fileRef = ABE0A53C1A8226A7004752BC /* HomeCell.m */; };
		ABE0A53F1A82300B004752BC /* 7.png in Resources */ = {isa = PBXBuildFile; fileRef = ABE0A53E1A82300B004752BC /* 7.png */; };
		ABE0A5411A82307D004752BC /* 6.png in Resources */ = {isa = PBXBuildFile; fileRef = ABE0A5401A82307D004752BC /* 6.png */; };
/* End PBXBuildFile section */

/* Begin PBXContainerItemProxy section */
		AB443F1D19E8610D004D1B0E /* PBXContainerItemProxy */ = {
			isa = PBXContainerItemProxy;
			containerPortal = AB443EFB19E8610D004D1B0E /* Project object */;
			proxyType = 1;
			remoteGlobalIDString = AB443F0219E8610D004D1B0E;
			remoteInfo = RooftopsHorizon;
		};
/* End PBXContainerItemProxy section */

/* Begin PBXFileReference section */
		AB089F1D1A778EA100C96FE6 /* ROOFTOPS-HORIZON-WALLPAPER-3 (1).jpg */ = {isa = PBXFileReference; lastKnownFileType = image.jpeg; path = "ROOFTOPS-HORIZON-WALLPAPER-3 (1).jpg"; sourceTree = "<group>"; };
		AB1A947D1A65172500364346 /* AFHTTPRequestOperation.h */ = {isa = PBXFileReference; fileEncoding = 4; lastKnownFileType = sourcecode.c.h; path = AFHTTPRequestOperation.h; sourceTree = "<group>"; };
		AB1A947E1A65172500364346 /* AFHTTPRequestOperation.m */ = {isa = PBXFileReference; fileEncoding = 4; lastKnownFileType = sourcecode.c.objc; path = AFHTTPRequestOperation.m; sourceTree = "<group>"; };
		AB1A947F1A65172500364346 /* AFHTTPRequestOperationManager.h */ = {isa = PBXFileReference; fileEncoding = 4; lastKnownFileType = sourcecode.c.h; path = AFHTTPRequestOperationManager.h; sourceTree = "<group>"; };
		AB1A94801A65172500364346 /* AFHTTPRequestOperationManager.m */ = {isa = PBXFileReference; fileEncoding = 4; lastKnownFileType = sourcecode.c.objc; path = AFHTTPRequestOperationManager.m; sourceTree = "<group>"; };
		AB1A94811A65172500364346 /* AFHTTPSessionManager.h */ = {isa = PBXFileReference; fileEncoding = 4; lastKnownFileType = sourcecode.c.h; path = AFHTTPSessionManager.h; sourceTree = "<group>"; };
		AB1A94821A65172500364346 /* AFHTTPSessionManager.m */ = {isa = PBXFileReference; fileEncoding = 4; lastKnownFileType = sourcecode.c.objc; path = AFHTTPSessionManager.m; sourceTree = "<group>"; };
		AB1A94831A65172500364346 /* AFNetworking.h */ = {isa = PBXFileReference; fileEncoding = 4; lastKnownFileType = sourcecode.c.h; path = AFNetworking.h; sourceTree = "<group>"; };
		AB1A94841A65172500364346 /* AFNetworkReachabilityManager.h */ = {isa = PBXFileReference; fileEncoding = 4; lastKnownFileType = sourcecode.c.h; path = AFNetworkReachabilityManager.h; sourceTree = "<group>"; };
		AB1A94851A65172500364346 /* AFNetworkReachabilityManager.m */ = {isa = PBXFileReference; fileEncoding = 4; lastKnownFileType = sourcecode.c.objc; path = AFNetworkReachabilityManager.m; sourceTree = "<group>"; };
		AB1A94861A65172500364346 /* AFSecurityPolicy.h */ = {isa = PBXFileReference; fileEncoding = 4; lastKnownFileType = sourcecode.c.h; path = AFSecurityPolicy.h; sourceTree = "<group>"; };
		AB1A94871A65172500364346 /* AFSecurityPolicy.m */ = {isa = PBXFileReference; fileEncoding = 4; lastKnownFileType = sourcecode.c.objc; path = AFSecurityPolicy.m; sourceTree = "<group>"; };
		AB1A94881A65172500364346 /* AFURLConnectionOperation.h */ = {isa = PBXFileReference; fileEncoding = 4; lastKnownFileType = sourcecode.c.h; path = AFURLConnectionOperation.h; sourceTree = "<group>"; };
		AB1A94891A65172500364346 /* AFURLConnectionOperation.m */ = {isa = PBXFileReference; fileEncoding = 4; lastKnownFileType = sourcecode.c.objc; path = AFURLConnectionOperation.m; sourceTree = "<group>"; };
		AB1A948A1A65172500364346 /* AFURLRequestSerialization.h */ = {isa = PBXFileReference; fileEncoding = 4; lastKnownFileType = sourcecode.c.h; path = AFURLRequestSerialization.h; sourceTree = "<group>"; };
		AB1A948B1A65172500364346 /* AFURLRequestSerialization.m */ = {isa = PBXFileReference; fileEncoding = 4; lastKnownFileType = sourcecode.c.objc; path = AFURLRequestSerialization.m; sourceTree = "<group>"; };
		AB1A948C1A65172500364346 /* AFURLResponseSerialization.h */ = {isa = PBXFileReference; fileEncoding = 4; lastKnownFileType = sourcecode.c.h; path = AFURLResponseSerialization.h; sourceTree = "<group>"; };
		AB1A948D1A65172500364346 /* AFURLResponseSerialization.m */ = {isa = PBXFileReference; fileEncoding = 4; lastKnownFileType = sourcecode.c.objc; path = AFURLResponseSerialization.m; sourceTree = "<group>"; };
		AB1A948E1A65172500364346 /* AFURLSessionManager.h */ = {isa = PBXFileReference; fileEncoding = 4; lastKnownFileType = sourcecode.c.h; path = AFURLSessionManager.h; sourceTree = "<group>"; };
		AB1A948F1A65172500364346 /* AFURLSessionManager.m */ = {isa = PBXFileReference; fileEncoding = 4; lastKnownFileType = sourcecode.c.objc; path = AFURLSessionManager.m; sourceTree = "<group>"; };
		AB1A949A1A65173900364346 /* AFNetworkActivityIndicatorManager.h */ = {isa = PBXFileReference; fileEncoding = 4; lastKnownFileType = sourcecode.c.h; path = AFNetworkActivityIndicatorManager.h; sourceTree = "<group>"; };
		AB1A949B1A65173900364346 /* AFNetworkActivityIndicatorManager.m */ = {isa = PBXFileReference; fileEncoding = 4; lastKnownFileType = sourcecode.c.objc; path = AFNetworkActivityIndicatorManager.m; sourceTree = "<group>"; };
		AB1A949C1A65173900364346 /* UIActivityIndicatorView+AFNetworking.h */ = {isa = PBXFileReference; fileEncoding = 4; lastKnownFileType = sourcecode.c.h; path = "UIActivityIndicatorView+AFNetworking.h"; sourceTree = "<group>"; };
		AB1A949D1A65173900364346 /* UIActivityIndicatorView+AFNetworking.m */ = {isa = PBXFileReference; fileEncoding = 4; lastKnownFileType = sourcecode.c.objc; path = "UIActivityIndicatorView+AFNetworking.m"; sourceTree = "<group>"; };
		AB1A949E1A65173900364346 /* UIAlertView+AFNetworking.h */ = {isa = PBXFileReference; fileEncoding = 4; lastKnownFileType = sourcecode.c.h; path = "UIAlertView+AFNetworking.h"; sourceTree = "<group>"; };
		AB1A949F1A65173900364346 /* UIAlertView+AFNetworking.m */ = {isa = PBXFileReference; fileEncoding = 4; lastKnownFileType = sourcecode.c.objc; path = "UIAlertView+AFNetworking.m"; sourceTree = "<group>"; };
		AB1A94A01A65173900364346 /* UIButton+AFNetworking.h */ = {isa = PBXFileReference; fileEncoding = 4; lastKnownFileType = sourcecode.c.h; path = "UIButton+AFNetworking.h"; sourceTree = "<group>"; };
		AB1A94A11A65173900364346 /* UIButton+AFNetworking.m */ = {isa = PBXFileReference; fileEncoding = 4; lastKnownFileType = sourcecode.c.objc; path = "UIButton+AFNetworking.m"; sourceTree = "<group>"; };
		AB1A94A21A65173900364346 /* UIImageView+AFNetworking.h */ = {isa = PBXFileReference; fileEncoding = 4; lastKnownFileType = sourcecode.c.h; path = "UIImageView+AFNetworking.h"; sourceTree = "<group>"; };
		AB1A94A31A65173900364346 /* UIImageView+AFNetworking.m */ = {isa = PBXFileReference; fileEncoding = 4; lastKnownFileType = sourcecode.c.objc; path = "UIImageView+AFNetworking.m"; sourceTree = "<group>"; };
		AB1A94A41A65173900364346 /* UIKit+AFNetworking.h */ = {isa = PBXFileReference; fileEncoding = 4; lastKnownFileType = sourcecode.c.h; path = "UIKit+AFNetworking.h"; sourceTree = "<group>"; };
		AB1A94A51A65173900364346 /* UIProgressView+AFNetworking.h */ = {isa = PBXFileReference; fileEncoding = 4; lastKnownFileType = sourcecode.c.h; path = "UIProgressView+AFNetworking.h"; sourceTree = "<group>"; };
		AB1A94A61A65173900364346 /* UIProgressView+AFNetworking.m */ = {isa = PBXFileReference; fileEncoding = 4; lastKnownFileType = sourcecode.c.objc; path = "UIProgressView+AFNetworking.m"; sourceTree = "<group>"; };
		AB1A94A71A65173900364346 /* UIRefreshControl+AFNetworking.h */ = {isa = PBXFileReference; fileEncoding = 4; lastKnownFileType = sourcecode.c.h; path = "UIRefreshControl+AFNetworking.h"; sourceTree = "<group>"; };
		AB1A94A81A65173900364346 /* UIRefreshControl+AFNetworking.m */ = {isa = PBXFileReference; fileEncoding = 4; lastKnownFileType = sourcecode.c.objc; path = "UIRefreshControl+AFNetworking.m"; sourceTree = "<group>"; };
		AB1A94A91A65173900364346 /* UIWebView+AFNetworking.h */ = {isa = PBXFileReference; fileEncoding = 4; lastKnownFileType = sourcecode.c.h; path = "UIWebView+AFNetworking.h"; sourceTree = "<group>"; };
		AB1A94AA1A65173900364346 /* UIWebView+AFNetworking.m */ = {isa = PBXFileReference; fileEncoding = 4; lastKnownFileType = sourcecode.c.objc; path = "UIWebView+AFNetworking.m"; sourceTree = "<group>"; };
		AB1A94B31A6518B500364346 /* DataManager.h */ = {isa = PBXFileReference; fileEncoding = 4; lastKnownFileType = sourcecode.c.h; path = DataManager.h; sourceTree = "<group>"; };
		AB1A94B41A6518B500364346 /* DataManager.m */ = {isa = PBXFileReference; fileEncoding = 4; lastKnownFileType = sourcecode.c.objc; path = DataManager.m; sourceTree = "<group>"; };
		AB443F0319E8610D004D1B0E /* RooftopsHorizon.app */ = {isa = PBXFileReference; explicitFileType = wrapper.application; includeInIndex = 0; path = RooftopsHorizon.app; sourceTree = BUILT_PRODUCTS_DIR; };
		AB443F0719E8610D004D1B0E /* Info.plist */ = {isa = PBXFileReference; lastKnownFileType = text.plist.xml; path = Info.plist; sourceTree = "<group>"; };
		AB443F0819E8610D004D1B0E /* main.m */ = {isa = PBXFileReference; lastKnownFileType = sourcecode.c.objc; path = main.m; sourceTree = "<group>"; };
		AB443F0A19E8610D004D1B0E /* AppDelegate.h */ = {isa = PBXFileReference; lastKnownFileType = sourcecode.c.h; path = AppDelegate.h; sourceTree = "<group>"; };
		AB443F0B19E8610D004D1B0E /* AppDelegate.m */ = {isa = PBXFileReference; lastKnownFileType = sourcecode.c.objc; path = AppDelegate.m; sourceTree = "<group>"; };
		AB443F1119E8610D004D1B0E /* Base */ = {isa = PBXFileReference; lastKnownFileType = file.storyboard; name = Base; path = Base.lproj/Main.storyboard; sourceTree = "<group>"; };
		AB443F1319E8610D004D1B0E /* Images.xcassets */ = {isa = PBXFileReference; lastKnownFileType = folder.assetcatalog; path = Images.xcassets; sourceTree = "<group>"; };
		AB443F1619E8610D004D1B0E /* Base */ = {isa = PBXFileReference; lastKnownFileType = file.xib; name = Base; path = Base.lproj/LaunchScreen.xib; sourceTree = "<group>"; };
		AB443F1C19E8610D004D1B0E /* RooftopsHorizonTests.xctest */ = {isa = PBXFileReference; explicitFileType = wrapper.cfbundle; includeInIndex = 0; path = RooftopsHorizonTests.xctest; sourceTree = BUILT_PRODUCTS_DIR; };
		AB443F2119E8610D004D1B0E /* Info.plist */ = {isa = PBXFileReference; lastKnownFileType = text.plist.xml; path = Info.plist; sourceTree = "<group>"; };
		AB443F2219E8610D004D1B0E /* RooftopsHorizonTests.m */ = {isa = PBXFileReference; lastKnownFileType = sourcecode.c.objc; path = RooftopsHorizonTests.m; sourceTree = "<group>"; };
		AB52612F1A763A4C00884C82 /* WSGetArtists.h */ = {isa = PBXFileReference; fileEncoding = 4; lastKnownFileType = sourcecode.c.h; path = WSGetArtists.h; sourceTree = "<group>"; };
		AB5261301A763A4C00884C82 /* WSGetArtists.m */ = {isa = PBXFileReference; fileEncoding = 4; lastKnownFileType = sourcecode.c.objc; path = WSGetArtists.m; sourceTree = "<group>"; };
		AB79BB9B1A6ADDCD00C607B7 /* Crashlytics.framework */ = {isa = PBXFileReference; lastKnownFileType = wrapper.framework; name = Crashlytics.framework; path = ../Crashlytics.framework; sourceTree = "<group>"; };
		AB79BB9C1A6ADDCD00C607B7 /* Fabric.framework */ = {isa = PBXFileReference; lastKnownFileType = wrapper.framework; name = Fabric.framework; path = ../Fabric.framework; sourceTree = "<group>"; };
		ABA270C41A3AF22800FD78F9 /* logo_rh.png */ = {isa = PBXFileReference; lastKnownFileType = image.png; path = logo_rh.png; sourceTree = "<group>"; };
		ABAC54111A7638D0004D6A1C /* WSRooftopsHorizon.h */ = {isa = PBXFileReference; fileEncoding = 4; lastKnownFileType = sourcecode.c.h; path = WSRooftopsHorizon.h; sourceTree = "<group>"; };
		ABAC54121A7638D0004D6A1C /* WSRooftopsHorizon.m */ = {isa = PBXFileReference; fileEncoding = 4; lastKnownFileType = sourcecode.c.objc; path = WSRooftopsHorizon.m; sourceTree = "<group>"; };
		ABBF2D7C1A81730800912A41 /* logo_rh_min.png */ = {isa = PBXFileReference; lastKnownFileType = image.png; path = logo_rh_min.png; sourceTree = "<group>"; };
		ABBF2D7E1A81782600912A41 /* logo_rh_min@2x.png */ = {isa = PBXFileReference; lastKnownFileType = image.png; path = "logo_rh_min@2x.png"; sourceTree = "<group>"; };
		ABBF2D7F1A81782600912A41 /* logo_rh_min@3x.png */ = {isa = PBXFileReference; lastKnownFileType = image.png; path = "logo_rh_min@3x.png"; sourceTree = "<group>"; };
		ABBF2D821A81796D00912A41 /* DrawerViewController.h */ = {isa = PBXFileReference; fileEncoding = 4; lastKnownFileType = sourcecode.c.h; path = DrawerViewController.h; sourceTree = "<group>"; };
		ABBF2D831A81796D00912A41 /* DrawerViewController.m */ = {isa = PBXFileReference; fileEncoding = 4; lastKnownFileType = sourcecode.c.objc; path = DrawerViewController.m; sourceTree = "<group>"; };
		ABC076941A77910A00CDA0F3 /* LOGO_ROOFTOPS-HORIZON-Blanc.png */ = {isa = PBXFileReference; lastKnownFileType = image.png; path = "LOGO_ROOFTOPS-HORIZON-Blanc.png"; sourceTree = "<group>"; };
		ABC076961A77989A00CDA0F3 /* bg_nuit.png */ = {isa = PBXFileReference; lastKnownFileType = image.png; path = bg_nuit.png; sourceTree = "<group>"; };
		ABC076981A779B2C00CDA0F3 /* 0.png */ = {isa = PBXFileReference; lastKnownFileType = image.png; path = 0.png; sourceTree = "<group>"; };
		ABC0769D1A779B6000CDA0F3 /* 5.png */ = {isa = PBXFileReference; lastKnownFileType = image.png; path = 5.png; sourceTree = "<group>"; };
		ABC0769F1A779B6F00CDA0F3 /* 4.png */ = {isa = PBXFileReference; lastKnownFileType = image.png; path = 4.png; sourceTree = "<group>"; };
		ABC076A11A779B7C00CDA0F3 /* 3.png */ = {isa = PBXFileReference; lastKnownFileType = image.png; path = 3.png; sourceTree = "<group>"; };
		ABC076A41A779B9000CDA0F3 /* 2.png */ = {isa = PBXFileReference; lastKnownFileType = image.png; path = 2.png; sourceTree = "<group>"; };
		ABC076A61A779C0600CDA0F3 /* 1.png */ = {isa = PBXFileReference; lastKnownFileType = image.png; path = 1.png; sourceTree = "<group>"; };
		ABC076A91A77A29800CDA0F3 /* SWRevealViewController.h */ = {isa = PBXFileReference; fileEncoding = 4; lastKnownFileType = sourcecode.c.h; path = SWRevealViewController.h; sourceTree = "<group>"; };
		ABC076AA1A77A29800CDA0F3 /* SWRevealViewController.m */ = {isa = PBXFileReference; fileEncoding = 4; lastKnownFileType = sourcecode.c.objc; path = SWRevealViewController.m; sourceTree = "<group>"; };
		ABC2E7C61A80C4B9005ACF1B /* HomeViewController.h */ = {isa = PBXFileReference; fileEncoding = 4; lastKnownFileType = sourcecode.c.h; path = HomeViewController.h; sourceTree = "<group>"; };
		ABC2E7C71A80C4B9005ACF1B /* HomeViewController.m */ = {isa = PBXFileReference; fileEncoding = 4; lastKnownFileType = sourcecode.c.objc; path = HomeViewController.m; sourceTree = "<group>"; };
		ABCCF2681A5E864C002AA78B /* Constants.h */ = {isa = PBXFileReference; lastKnownFileType = sourcecode.c.h; path = Constants.h; sourceTree = "<group>"; };
		ABCCF2691A5E8754002AA78B /* RooftopsHorizon-Prefix.pch */ = {isa = PBXFileReference; lastKnownFileType = sourcecode.c.h; path = "RooftopsHorizon-Prefix.pch"; sourceTree = "<group>"; };
		ABCCFBA91A80DF6D00CA29C6 /* UIScrollView+APParallaxHeader.h */ = {isa = PBXFileReference; fileEncoding = 4; lastKnownFileType = sourcecode.c.h; path = "UIScrollView+APParallaxHeader.h"; sourceTree = "<group>"; };
		ABCCFBAA1A80DF6D00CA29C6 /* UIScrollView+APParallaxHeader.m */ = {isa = PBXFileReference; fileEncoding = 4; lastKnownFileType = sourcecode.c.objc; path = "UIScrollView+APParallaxHeader.m"; sourceTree = "<group>"; };
		ABE026031A82114000E256E7 /* HomeHeader.xib */ = {isa = PBXFileReference; fileEncoding = 4; lastKnownFileType = file.xib; path = HomeHeader.xib; sourceTree = "<group>"; };
		ABE0A52E1A822304004752BC /* CSStickyHeaderFlowLayout.h */ = {isa = PBXFileReference; fileEncoding = 4; lastKnownFileType = sourcecode.c.h; path = CSStickyHeaderFlowLayout.h; sourceTree = "<group>"; };
		ABE0A52F1A822304004752BC /* CSStickyHeaderFlowLayout.m */ = {isa = PBXFileReference; fileEncoding = 4; lastKnownFileType = sourcecode.c.objc; path = CSStickyHeaderFlowLayout.m; sourceTree = "<group>"; };
		ABE0A5301A822304004752BC /* CSStickyHeaderFlowLayoutAttributes.h */ = {isa = PBXFileReference; fileEncoding = 4; lastKnownFileType = sourcecode.c.h; path = CSStickyHeaderFlowLayoutAttributes.h; sourceTree = "<group>"; };
		ABE0A5311A822304004752BC /* CSStickyHeaderFlowLayoutAttributes.m */ = {isa = PBXFileReference; fileEncoding = 4; lastKnownFileType = sourcecode.c.objc; path = CSStickyHeaderFlowLayoutAttributes.m; sourceTree = "<group>"; };
		ABE0A5331A822304004752BC /* .gitkeep */ = {isa = PBXFileReference; fileEncoding = 4; lastKnownFileType = text; path = .gitkeep; sourceTree = "<group>"; };
		ABE0A5351A822304004752BC /* .gitkeep */ = {isa = PBXFileReference; fileEncoding = 4; lastKnownFileType = text; path = .gitkeep; sourceTree = "<group>"; };
		ABE0A53B1A8226A7004752BC /* HomeCell.h */ = {isa = PBXFileReference; fileEncoding = 4; lastKnownFileType = sourcecode.c.h; path = HomeCell.h; sourceTree = "<group>"; };
		ABE0A53C1A8226A7004752BC /* HomeCell.m */ = {isa = PBXFileReference; fileEncoding = 4; lastKnownFileType = sourcecode.c.objc; path = HomeCell.m; sourceTree = "<group>"; };
		ABE0A53E1A82300B004752BC /* 7.png */ = {isa = PBXFileReference; lastKnownFileType = image.png; path = 7.png; sourceTree = "<group>"; };
		ABE0A5401A82307D004752BC /* 6.png */ = {isa = PBXFileReference; lastKnownFileType = image.png; path = 6.png; sourceTree = "<group>"; };
/* End PBXFileReference section */

/* Begin PBXFrameworksBuildPhase section */
		AB443F0019E8610D004D1B0E /* Frameworks */ = {
			isa = PBXFrameworksBuildPhase;
			buildActionMask = 2147483647;
			files = (
				AB79BB9D1A6ADDCD00C607B7 /* Crashlytics.framework in Frameworks */,
				AB79BB9E1A6ADDCD00C607B7 /* Fabric.framework in Frameworks */,
			);
			runOnlyForDeploymentPostprocessing = 0;
		};
		AB443F1919E8610D004D1B0E /* Frameworks */ = {
			isa = PBXFrameworksBuildPhase;
			buildActionMask = 2147483647;
			files = (
			);
			runOnlyForDeploymentPostprocessing = 0;
		};
/* End PBXFrameworksBuildPhase section */

/* Begin PBXGroup section */
		AB1A947C1A65172500364346 /* AFNetworking */ = {
			isa = PBXGroup;
			children = (
				AB1A947D1A65172500364346 /* AFHTTPRequestOperation.h */,
				AB1A947E1A65172500364346 /* AFHTTPRequestOperation.m */,
				AB1A947F1A65172500364346 /* AFHTTPRequestOperationManager.h */,
				AB1A94801A65172500364346 /* AFHTTPRequestOperationManager.m */,
				AB1A94811A65172500364346 /* AFHTTPSessionManager.h */,
				AB1A94821A65172500364346 /* AFHTTPSessionManager.m */,
				AB1A94831A65172500364346 /* AFNetworking.h */,
				AB1A94841A65172500364346 /* AFNetworkReachabilityManager.h */,
				AB1A94851A65172500364346 /* AFNetworkReachabilityManager.m */,
				AB1A94861A65172500364346 /* AFSecurityPolicy.h */,
				AB1A94871A65172500364346 /* AFSecurityPolicy.m */,
				AB1A94881A65172500364346 /* AFURLConnectionOperation.h */,
				AB1A94891A65172500364346 /* AFURLConnectionOperation.m */,
				AB1A948A1A65172500364346 /* AFURLRequestSerialization.h */,
				AB1A948B1A65172500364346 /* AFURLRequestSerialization.m */,
				AB1A948C1A65172500364346 /* AFURLResponseSerialization.h */,
				AB1A948D1A65172500364346 /* AFURLResponseSerialization.m */,
				AB1A948E1A65172500364346 /* AFURLSessionManager.h */,
				AB1A948F1A65172500364346 /* AFURLSessionManager.m */,
			);
			path = AFNetworking;
			sourceTree = "<group>";
		};
		AB1A94991A65173900364346 /* UIKit+AFNetworking */ = {
			isa = PBXGroup;
			children = (
				AB1A949A1A65173900364346 /* AFNetworkActivityIndicatorManager.h */,
				AB1A949B1A65173900364346 /* AFNetworkActivityIndicatorManager.m */,
				AB1A949C1A65173900364346 /* UIActivityIndicatorView+AFNetworking.h */,
				AB1A949D1A65173900364346 /* UIActivityIndicatorView+AFNetworking.m */,
				AB1A949E1A65173900364346 /* UIAlertView+AFNetworking.h */,
				AB1A949F1A65173900364346 /* UIAlertView+AFNetworking.m */,
				AB1A94A01A65173900364346 /* UIButton+AFNetworking.h */,
				AB1A94A11A65173900364346 /* UIButton+AFNetworking.m */,
				AB1A94A21A65173900364346 /* UIImageView+AFNetworking.h */,
				AB1A94A31A65173900364346 /* UIImageView+AFNetworking.m */,
				AB1A94A41A65173900364346 /* UIKit+AFNetworking.h */,
				AB1A94A51A65173900364346 /* UIProgressView+AFNetworking.h */,
				AB1A94A61A65173900364346 /* UIProgressView+AFNetworking.m */,
				AB1A94A71A65173900364346 /* UIRefreshControl+AFNetworking.h */,
				AB1A94A81A65173900364346 /* UIRefreshControl+AFNetworking.m */,
				AB1A94A91A65173900364346 /* UIWebView+AFNetworking.h */,
				AB1A94AA1A65173900364346 /* UIWebView+AFNetworking.m */,
			);
			path = "UIKit+AFNetworking";
			sourceTree = "<group>";
		};
		AB1E95651A40C5FE0064E087 /* Webservices */ = {
			isa = PBXGroup;
			children = (
				ABAC54111A7638D0004D6A1C /* WSRooftopsHorizon.h */,
				ABAC54121A7638D0004D6A1C /* WSRooftopsHorizon.m */,
				AB52612F1A763A4C00884C82 /* WSGetArtists.h */,
				AB5261301A763A4C00884C82 /* WSGetArtists.m */,
			);
			name = Webservices;
			sourceTree = "<group>";
		};
		AB1E95661A40C60C0064E087 /* UI */ = {
			isa = PBXGroup;
			children = (
				ABE0A53A1A822672004752BC /* cells */,
				ABE026021A82111900E256E7 /* view */,
				ABC2E7C61A80C4B9005ACF1B /* HomeViewController.h */,
				ABC2E7C71A80C4B9005ACF1B /* HomeViewController.m */,
				ABBF2D821A81796D00912A41 /* DrawerViewController.h */,
				ABBF2D831A81796D00912A41 /* DrawerViewController.m */,
			);
			name = UI;
			sourceTree = "<group>";
		};
		AB443EFA19E8610D004D1B0E = {
			isa = PBXGroup;
			children = (
				AB443F0519E8610D004D1B0E /* RooftopsHorizon */,
				AB443F1F19E8610D004D1B0E /* RooftopsHorizonTests */,
				AB443F0419E8610D004D1B0E /* Products */,
			);
			sourceTree = "<group>";
		};
		AB443F0419E8610D004D1B0E /* Products */ = {
			isa = PBXGroup;
			children = (
				AB443F0319E8610D004D1B0E /* RooftopsHorizon.app */,
				AB443F1C19E8610D004D1B0E /* RooftopsHorizonTests.xctest */,
			);
			name = Products;
			sourceTree = "<group>";
		};
		AB443F0519E8610D004D1B0E /* RooftopsHorizon */ = {
			isa = PBXGroup;
			children = (
				ABCCF2671A5E8621002AA78B /* Core */,
				AB1E95661A40C60C0064E087 /* UI */,
				AB443F0A19E8610D004D1B0E /* AppDelegate.h */,
				AB443F0B19E8610D004D1B0E /* AppDelegate.m */,
				AB443F1019E8610D004D1B0E /* Main.storyboard */,
				AB443F1319E8610D004D1B0E /* Images.xcassets */,
				AB443F1519E8610D004D1B0E /* LaunchScreen.xib */,
				ABA270C31A3AF1B200FD78F9 /* Images */,
				ABE786B21A40D04A00E930AC /* Libraries */,
				AB443F0619E8610D004D1B0E /* Supporting Files */,
			);
			path = RooftopsHorizon;
			sourceTree = "<group>";
		};
		AB443F0619E8610D004D1B0E /* Supporting Files */ = {
			isa = PBXGroup;
			children = (
				AB443F0719E8610D004D1B0E /* Info.plist */,
				AB443F0819E8610D004D1B0E /* main.m */,
				ABCCF2691A5E8754002AA78B /* RooftopsHorizon-Prefix.pch */,
			);
			name = "Supporting Files";
			sourceTree = "<group>";
		};
		AB443F1F19E8610D004D1B0E /* RooftopsHorizonTests */ = {
			isa = PBXGroup;
			children = (
				AB443F2219E8610D004D1B0E /* RooftopsHorizonTests.m */,
				AB443F2019E8610D004D1B0E /* Supporting Files */,
			);
			path = RooftopsHorizonTests;
			sourceTree = "<group>";
		};
		AB443F2019E8610D004D1B0E /* Supporting Files */ = {
			isa = PBXGroup;
			children = (
				AB443F2119E8610D004D1B0E /* Info.plist */,
			);
			name = "Supporting Files";
			sourceTree = "<group>";
		};
		ABA270C31A3AF1B200FD78F9 /* Images */ = {
			isa = PBXGroup;
			children = (
				ABC0769A1A779B3200CDA0F3 /* artwork */,
				ABC076961A77989A00CDA0F3 /* bg_nuit.png */,
				ABC076941A77910A00CDA0F3 /* LOGO_ROOFTOPS-HORIZON-Blanc.png */,
				AB089F1D1A778EA100C96FE6 /* ROOFTOPS-HORIZON-WALLPAPER-3 (1).jpg */,
				ABBF2D7E1A81782600912A41 /* logo_rh_min@2x.png */,
				ABBF2D7F1A81782600912A41 /* logo_rh_min@3x.png */,
				ABBF2D7C1A81730800912A41 /* logo_rh_min.png */,
				ABA270C41A3AF22800FD78F9 /* logo_rh.png */,
			);
			name = Images;
			sourceTree = "<group>";
		};
		ABC0769A1A779B3200CDA0F3 /* artwork */ = {
			isa = PBXGroup;
			children = (
				ABC076A61A779C0600CDA0F3 /* 1.png */,
				ABE0A53E1A82300B004752BC /* 7.png */,
				ABC076A41A779B9000CDA0F3 /* 2.png */,
				ABE0A5401A82307D004752BC /* 6.png */,
				ABC076A11A779B7C00CDA0F3 /* 3.png */,
				ABC0769F1A779B6F00CDA0F3 /* 4.png */,
				ABC0769D1A779B6000CDA0F3 /* 5.png */,
				ABC076981A779B2C00CDA0F3 /* 0.png */,
			);
			name = artwork;
			sourceTree = "<group>";
		};
		ABC076A81A77A29800CDA0F3 /* SWRevealViewController */ = {
			isa = PBXGroup;
			children = (
				ABC076A91A77A29800CDA0F3 /* SWRevealViewController.h */,
				ABC076AA1A77A29800CDA0F3 /* SWRevealViewController.m */,
			);
			path = SWRevealViewController;
			sourceTree = "<group>";
		};
		ABCCF2671A5E8621002AA78B /* Core */ = {
			isa = PBXGroup;
			children = (
				AB1E95651A40C5FE0064E087 /* Webservices */,
				ABCCF2681A5E864C002AA78B /* Constants.h */,
				AB1A94B31A6518B500364346 /* DataManager.h */,
				AB1A94B41A6518B500364346 /* DataManager.m */,
			);
			name = Core;
			sourceTree = "<group>";
		};
		ABCCFBA81A80DF6D00CA29C6 /* APParallaxHeader */ = {
			isa = PBXGroup;
			children = (
				ABCCFBA91A80DF6D00CA29C6 /* UIScrollView+APParallaxHeader.h */,
				ABCCFBAA1A80DF6D00CA29C6 /* UIScrollView+APParallaxHeader.m */,
			);
			path = APParallaxHeader;
			sourceTree = "<group>";
		};
		ABE026021A82111900E256E7 /* view */ = {
			isa = PBXGroup;
			children = (
				ABE026031A82114000E256E7 /* HomeHeader.xib */,
			);
			name = view;
			sourceTree = "<group>";
		};
		ABE0A52D1A822304004752BC /* CSStickyHeaderFlowLayout */ = {
			isa = PBXGroup;
			children = (
				ABE0A52E1A822304004752BC /* CSStickyHeaderFlowLayout.h */,
				ABE0A52F1A822304004752BC /* CSStickyHeaderFlowLayout.m */,
				ABE0A5301A822304004752BC /* CSStickyHeaderFlowLayoutAttributes.h */,
				ABE0A5311A822304004752BC /* CSStickyHeaderFlowLayoutAttributes.m */,
				ABE0A5321A822304004752BC /* ios */,
				ABE0A5341A822304004752BC /* osx */,
			);
			name = CSStickyHeaderFlowLayout;
			path = Classes;
			sourceTree = "<group>";
		};
		ABE0A5321A822304004752BC /* ios */ = {
			isa = PBXGroup;
			children = (
				ABE0A5331A822304004752BC /* .gitkeep */,
			);
			path = ios;
			sourceTree = "<group>";
		};
		ABE0A5341A822304004752BC /* osx */ = {
			isa = PBXGroup;
			children = (
				ABE0A5351A822304004752BC /* .gitkeep */,
			);
			path = osx;
			sourceTree = "<group>";
		};
		ABE0A53A1A822672004752BC /* cells */ = {
			isa = PBXGroup;
			children = (
				ABE0A53B1A8226A7004752BC /* HomeCell.h */,
				ABE0A53C1A8226A7004752BC /* HomeCell.m */,
			);
			name = cells;
			sourceTree = "<group>";
		};
		ABE786B21A40D04A00E930AC /* Libraries */ = {
			isa = PBXGroup;
			children = (
				ABE0A52D1A822304004752BC /* CSStickyHeaderFlowLayout */,
				ABCCFBA81A80DF6D00CA29C6 /* APParallaxHeader */,
				ABC076A81A77A29800CDA0F3 /* SWRevealViewController */,
				AB79BB9B1A6ADDCD00C607B7 /* Crashlytics.framework */,
				AB79BB9C1A6ADDCD00C607B7 /* Fabric.framework */,
				AB1A94991A65173900364346 /* UIKit+AFNetworking */,
				AB1A947C1A65172500364346 /* AFNetworking */,
			);
			name = Libraries;
			sourceTree = "<group>";
		};
/* End PBXGroup section */

/* Begin PBXNativeTarget section */
		AB443F0219E8610D004D1B0E /* RooftopsHorizon */ = {
			isa = PBXNativeTarget;
			buildConfigurationList = AB443F2619E8610D004D1B0E /* Build configuration list for PBXNativeTarget "RooftopsHorizon" */;
			buildPhases = (
				AB443EFF19E8610D004D1B0E /* Sources */,
				AB443F0019E8610D004D1B0E /* Frameworks */,
				AB443F0119E8610D004D1B0E /* Resources */,
				AB79BB9A1A6ADD2E00C607B7 /* ShellScript */,
			);
			buildRules = (
			);
			dependencies = (
			);
			name = RooftopsHorizon;
			productName = RooftopsHorizon;
			productReference = AB443F0319E8610D004D1B0E /* RooftopsHorizon.app */;
			productType = "com.apple.product-type.application";
		};
		AB443F1B19E8610D004D1B0E /* RooftopsHorizonTests */ = {
			isa = PBXNativeTarget;
			buildConfigurationList = AB443F2919E8610D004D1B0E /* Build configuration list for PBXNativeTarget "RooftopsHorizonTests" */;
			buildPhases = (
				AB443F1819E8610D004D1B0E /* Sources */,
				AB443F1919E8610D004D1B0E /* Frameworks */,
				AB443F1A19E8610D004D1B0E /* Resources */,
			);
			buildRules = (
			);
			dependencies = (
				AB443F1E19E8610D004D1B0E /* PBXTargetDependency */,
			);
			name = RooftopsHorizonTests;
			productName = RooftopsHorizonTests;
			productReference = AB443F1C19E8610D004D1B0E /* RooftopsHorizonTests.xctest */;
			productType = "com.apple.product-type.bundle.unit-test";
		};
/* End PBXNativeTarget section */

/* Begin PBXProject section */
		AB443EFB19E8610D004D1B0E /* Project object */ = {
			isa = PBXProject;
			attributes = {
				LastUpgradeCheck = 0600;
				ORGANIZATIONNAME = "Olivier Medina";
				TargetAttributes = {
					AB443F0219E8610D004D1B0E = {
						CreatedOnToolsVersion = 6.0.1;
						DevelopmentTeam = 99D895TFL2;
					};
					AB443F1B19E8610D004D1B0E = {
						CreatedOnToolsVersion = 6.0.1;
						TestTargetID = AB443F0219E8610D004D1B0E;
					};
				};
			};
			buildConfigurationList = AB443EFE19E8610D004D1B0E /* Build configuration list for PBXProject "RooftopsHorizon" */;
			compatibilityVersion = "Xcode 3.2";
			developmentRegion = English;
			hasScannedForEncodings = 0;
			knownRegions = (
				en,
				Base,
			);
			mainGroup = AB443EFA19E8610D004D1B0E;
			productRefGroup = AB443F0419E8610D004D1B0E /* Products */;
			projectDirPath = "";
			projectRoot = "";
			targets = (
				AB443F0219E8610D004D1B0E /* RooftopsHorizon */,
				AB443F1B19E8610D004D1B0E /* RooftopsHorizonTests */,
			);
		};
/* End PBXProject section */

/* Begin PBXResourcesBuildPhase section */
		AB443F0119E8610D004D1B0E /* Resources */ = {
			isa = PBXResourcesBuildPhase;
			buildActionMask = 2147483647;
			files = (
				ABE0A5411A82307D004752BC /* 6.png in Resources */,
				ABC076991A779B2C00CDA0F3 /* 0.png in Resources */,
				ABE0A53F1A82300B004752BC /* 7.png in Resources */,
				ABA270C51A3AF22800FD78F9 /* logo_rh.png in Resources */,
				AB089F1E1A778EA100C96FE6 /* ROOFTOPS-HORIZON-WALLPAPER-3 (1).jpg in Resources */,
				AB443F1219E8610D004D1B0E /* Main.storyboard in Resources */,
				ABE0A5381A822304004752BC /* .gitkeep in Resources */,
				ABC0769E1A779B6000CDA0F3 /* 5.png in Resources */,
				ABC076A51A779B9000CDA0F3 /* 2.png in Resources */,
				ABE0A5391A822304004752BC /* .gitkeep in Resources */,
				ABC076A01A779B6F00CDA0F3 /* 4.png in Resources */,
				ABC076A21A779B7C00CDA0F3 /* 3.png in Resources */,
				ABC076971A77989A00CDA0F3 /* bg_nuit.png in Resources */,
				ABC076951A77910A00CDA0F3 /* LOGO_ROOFTOPS-HORIZON-Blanc.png in Resources */,
				ABBF2D7D1A81730800912A41 /* logo_rh_min.png in Resources */,
				ABBF2D801A81782600912A41 /* logo_rh_min@2x.png in Resources */,
				ABE026041A82114000E256E7 /* HomeHeader.xib in Resources */,
				ABC076A71A779C0600CDA0F3 /* 1.png in Resources */,
				ABBF2D811A81782600912A41 /* logo_rh_min@3x.png in Resources */,
				AB443F1719E8610D004D1B0E /* LaunchScreen.xib in Resources */,
				AB443F1419E8610D004D1B0E /* Images.xcassets in Resources */,
			);
			runOnlyForDeploymentPostprocessing = 0;
		};
		AB443F1A19E8610D004D1B0E /* Resources */ = {
			isa = PBXResourcesBuildPhase;
			buildActionMask = 2147483647;
			files = (
			);
			runOnlyForDeploymentPostprocessing = 0;
		};
/* End PBXResourcesBuildPhase section */

/* Begin PBXShellScriptBuildPhase section */
		AB79BB9A1A6ADD2E00C607B7 /* ShellScript */ = {
			isa = PBXShellScriptBuildPhase;
			buildActionMask = 2147483647;
			files = (
			);
			inputPaths = (
			);
			outputPaths = (
			);
			runOnlyForDeploymentPostprocessing = 0;
			shellPath = /bin/sh;
			shellScript = "./Fabric.framework/run c2e190d5f901b574299ce315a088c9046a9cfeb5 f3a14ddc575adf7b03a732b1412803756d01a2eaed544e5de7c2c3a5e5cebd75";
		};
/* End PBXShellScriptBuildPhase section */

/* Begin PBXSourcesBuildPhase section */
		AB443EFF19E8610D004D1B0E /* Sources */ = {
			isa = PBXSourcesBuildPhase;
			buildActionMask = 2147483647;
			files = (
				AB1A94B11A65173900364346 /* UIRefreshControl+AFNetworking.m in Sources */,
				AB1A94B51A6518B500364346 /* DataManager.m in Sources */,
				ABE0A5371A822304004752BC /* CSStickyHeaderFlowLayoutAttributes.m in Sources */,
				ABCCFBAB1A80DF6D00CA29C6 /* UIScrollView+APParallaxHeader.m in Sources */,
				AB1A94951A65172500364346 /* AFURLConnectionOperation.m in Sources */,
				AB1A94B01A65173900364346 /* UIProgressView+AFNetworking.m in Sources */,
				ABE0A53D1A8226A7004752BC /* HomeCell.m in Sources */,
				AB443F0C19E8610D004D1B0E /* AppDelegate.m in Sources */,
				AB1A94AD1A65173900364346 /* UIAlertView+AFNetworking.m in Sources */,
				ABC076AB1A77A29800CDA0F3 /* SWRevealViewController.m in Sources */,
				AB1A94971A65172500364346 /* AFURLResponseSerialization.m in Sources */,
				AB1A94AE1A65173900364346 /* UIButton+AFNetworking.m in Sources */,
				AB443F0919E8610D004D1B0E /* main.m in Sources */,
				AB1A94AC1A65173900364346 /* UIActivityIndicatorView+AFNetworking.m in Sources */,
				ABE0A5361A822304004752BC /* CSStickyHeaderFlowLayout.m in Sources */,
				AB1A94961A65172500364346 /* AFURLRequestSerialization.m in Sources */,
				AB1A94AB1A65173900364346 /* AFNetworkActivityIndicatorManager.m in Sources */,
				AB1A94941A65172500364346 /* AFSecurityPolicy.m in Sources */,
				ABBF2D841A81796D00912A41 /* DrawerViewController.m in Sources */,
				AB1A94901A65172500364346 /* AFHTTPRequestOperation.m in Sources */,
				AB1A94981A65172500364346 /* AFURLSessionManager.m in Sources */,
				AB1A94921A65172500364346 /* AFHTTPSessionManager.m in Sources */,
				AB1A94B21A65173900364346 /* UIWebView+AFNetworking.m in Sources */,
				AB1A94931A65172500364346 /* AFNetworkReachabilityManager.m in Sources */,
				ABAC54131A7638D0004D6A1C /* WSRooftopsHorizon.m in Sources */,
				AB5261311A763A4C00884C82 /* WSGetArtists.m in Sources */,
				AB1A94AF1A65173900364346 /* UIImageView+AFNetworking.m in Sources */,
				AB1A94911A65172500364346 /* AFHTTPRequestOperationManager.m in Sources */,
				ABC2E7C81A80C4B9005ACF1B /* HomeViewController.m in Sources */,
			);
			runOnlyForDeploymentPostprocessing = 0;
		};
		AB443F1819E8610D004D1B0E /* Sources */ = {
			isa = PBXSourcesBuildPhase;
			buildActionMask = 2147483647;
			files = (
				AB443F2319E8610D004D1B0E /* RooftopsHorizonTests.m in Sources */,
			);
			runOnlyForDeploymentPostprocessing = 0;
		};
/* End PBXSourcesBuildPhase section */

/* Begin PBXTargetDependency section */
		AB443F1E19E8610D004D1B0E /* PBXTargetDependency */ = {
			isa = PBXTargetDependency;
			target = AB443F0219E8610D004D1B0E /* RooftopsHorizon */;
			targetProxy = AB443F1D19E8610D004D1B0E /* PBXContainerItemProxy */;
		};
/* End PBXTargetDependency section */

/* Begin PBXVariantGroup section */
		AB443F1019E8610D004D1B0E /* Main.storyboard */ = {
			isa = PBXVariantGroup;
			children = (
				AB443F1119E8610D004D1B0E /* Base */,
			);
			name = Main.storyboard;
			sourceTree = "<group>";
		};
		AB443F1519E8610D004D1B0E /* LaunchScreen.xib */ = {
			isa = PBXVariantGroup;
			children = (
				AB443F1619E8610D004D1B0E /* Base */,
			);
			name = LaunchScreen.xib;
			sourceTree = "<group>";
		};
/* End PBXVariantGroup section */

/* Begin XCBuildConfiguration section */
		AB443F2419E8610D004D1B0E /* Debug */ = {
			isa = XCBuildConfiguration;
			buildSettings = {
				ALWAYS_SEARCH_USER_PATHS = NO;
				CLANG_CXX_LANGUAGE_STANDARD = "gnu++0x";
				CLANG_CXX_LIBRARY = "libc++";
				CLANG_ENABLE_MODULES = YES;
				CLANG_ENABLE_OBJC_ARC = YES;
				CLANG_WARN_BOOL_CONVERSION = YES;
				CLANG_WARN_CONSTANT_CONVERSION = YES;
				CLANG_WARN_DIRECT_OBJC_ISA_USAGE = YES_ERROR;
				CLANG_WARN_EMPTY_BODY = YES;
				CLANG_WARN_ENUM_CONVERSION = YES;
				CLANG_WARN_INT_CONVERSION = YES;
				CLANG_WARN_OBJC_ROOT_CLASS = YES_ERROR;
				CLANG_WARN_UNREACHABLE_CODE = YES;
				CLANG_WARN__DUPLICATE_METHOD_MATCH = YES;
				"CODE_SIGN_IDENTITY[sdk=iphoneos*]" = "iPhone Developer";
				COPY_PHASE_STRIP = NO;
				ENABLE_STRICT_OBJC_MSGSEND = YES;
				GCC_C_LANGUAGE_STANDARD = gnu99;
				GCC_DYNAMIC_NO_PIC = NO;
				GCC_OPTIMIZATION_LEVEL = 0;
				GCC_PREPROCESSOR_DEFINITIONS = (
					"DEBUG=1",
					"$(inherited)",
				);
				GCC_SYMBOLS_PRIVATE_EXTERN = NO;
				GCC_WARN_64_TO_32_BIT_CONVERSION = YES;
				GCC_WARN_ABOUT_RETURN_TYPE = YES_ERROR;
				GCC_WARN_UNDECLARED_SELECTOR = YES;
				GCC_WARN_UNINITIALIZED_AUTOS = YES_AGGRESSIVE;
				GCC_WARN_UNUSED_FUNCTION = YES;
				GCC_WARN_UNUSED_VARIABLE = YES;
				IPHONEOS_DEPLOYMENT_TARGET = 8.0;
				MTL_ENABLE_DEBUG_INFO = YES;
				ONLY_ACTIVE_ARCH = YES;
				SDKROOT = iphoneos;
			};
			name = Debug;
		};
		AB443F2519E8610D004D1B0E /* Release */ = {
			isa = XCBuildConfiguration;
			buildSettings = {
				ALWAYS_SEARCH_USER_PATHS = NO;
				CLANG_CXX_LANGUAGE_STANDARD = "gnu++0x";
				CLANG_CXX_LIBRARY = "libc++";
				CLANG_ENABLE_MODULES = YES;
				CLANG_ENABLE_OBJC_ARC = YES;
				CLANG_WARN_BOOL_CONVERSION = YES;
				CLANG_WARN_CONSTANT_CONVERSION = YES;
				CLANG_WARN_DIRECT_OBJC_ISA_USAGE = YES_ERROR;
				CLANG_WARN_EMPTY_BODY = YES;
				CLANG_WARN_ENUM_CONVERSION = YES;
				CLANG_WARN_INT_CONVERSION = YES;
				CLANG_WARN_OBJC_ROOT_CLASS = YES_ERROR;
				CLANG_WARN_UNREACHABLE_CODE = YES;
				CLANG_WARN__DUPLICATE_METHOD_MATCH = YES;
				"CODE_SIGN_IDENTITY[sdk=iphoneos*]" = "iPhone Developer";
				COPY_PHASE_STRIP = YES;
				ENABLE_NS_ASSERTIONS = NO;
				ENABLE_STRICT_OBJC_MSGSEND = YES;
				GCC_C_LANGUAGE_STANDARD = gnu99;
				GCC_WARN_64_TO_32_BIT_CONVERSION = YES;
				GCC_WARN_ABOUT_RETURN_TYPE = YES_ERROR;
				GCC_WARN_UNDECLARED_SELECTOR = YES;
				GCC_WARN_UNINITIALIZED_AUTOS = YES_AGGRESSIVE;
				GCC_WARN_UNUSED_FUNCTION = YES;
				GCC_WARN_UNUSED_VARIABLE = YES;
				IPHONEOS_DEPLOYMENT_TARGET = 8.0;
				MTL_ENABLE_DEBUG_INFO = NO;
				SDKROOT = iphoneos;
				VALIDATE_PRODUCT = YES;
			};
			name = Release;
		};
		AB443F2719E8610D004D1B0E /* Debug */ = {
			isa = XCBuildConfiguration;
			buildSettings = {
				ASSETCATALOG_COMPILER_APPICON_NAME = AppIcon;
				CODE_SIGN_IDENTITY = "iPhone Developer";
				"CODE_SIGN_IDENTITY[sdk=iphoneos*]" = "iPhone Developer";
				FRAMEWORK_SEARCH_PATHS = (
					"$(inherited)",
					"$(PROJECT_DIR)",
				);
				GCC_PREFIX_HEADER = "RooftopsHorizon/RooftopsHorizon-Prefix.pch";
				INFOPLIST_FILE = RooftopsHorizon/Info.plist;
				IPHONEOS_DEPLOYMENT_TARGET = 7.0;
				LD_RUNPATH_SEARCH_PATHS = "$(inherited) @executable_path/Frameworks";
				PRODUCT_NAME = "$(TARGET_NAME)";
				PROVISIONING_PROFILE = "";
				TARGETED_DEVICE_FAMILY = "1,2";
			};
			name = Debug;
		};
		AB443F2819E8610D004D1B0E /* Release */ = {
			isa = XCBuildConfiguration;
			buildSettings = {
				ASSETCATALOG_COMPILER_APPICON_NAME = AppIcon;
				CODE_SIGN_IDENTITY = "iPhone Developer";
				"CODE_SIGN_IDENTITY[sdk=iphoneos*]" = "iPhone Developer";
				FRAMEWORK_SEARCH_PATHS = (
					"$(inherited)",
					"$(PROJECT_DIR)",
				);
				GCC_PREFIX_HEADER = "RooftopsHorizon/RooftopsHorizon-Prefix.pch";
				INFOPLIST_FILE = RooftopsHorizon/Info.plist;
				IPHONEOS_DEPLOYMENT_TARGET = 7.0;
				LD_RUNPATH_SEARCH_PATHS = "$(inherited) @executable_path/Frameworks";
				PRODUCT_NAME = "$(TARGET_NAME)";
				PROVISIONING_PROFILE = "";
				TARGETED_DEVICE_FAMILY = "1,2";
			};
			name = Release;
		};
		AB443F2A19E8610D004D1B0E /* Debug */ = {
			isa = XCBuildConfiguration;
			buildSettings = {
				BUNDLE_LOADER = "$(TEST_HOST)";
				FRAMEWORK_SEARCH_PATHS = (
					"$(SDKROOT)/Developer/Library/Frameworks",
					"$(inherited)",
				);
				GCC_PREPROCESSOR_DEFINITIONS = (
					"DEBUG=1",
					"$(inherited)",
				);
				INFOPLIST_FILE = RooftopsHorizonTests/Info.plist;
				LD_RUNPATH_SEARCH_PATHS = "$(inherited) @executable_path/Frameworks @loader_path/Frameworks";
				PRODUCT_NAME = "$(TARGET_NAME)";
				TEST_HOST = "$(BUILT_PRODUCTS_DIR)/RooftopsHorizon.app/RooftopsHorizon";
			};
			name = Debug;
		};
		AB443F2B19E8610D004D1B0E /* Release */ = {
			isa = XCBuildConfiguration;
			buildSettings = {
				BUNDLE_LOADER = "$(TEST_HOST)";
				FRAMEWORK_SEARCH_PATHS = (
					"$(SDKROOT)/Developer/Library/Frameworks",
					"$(inherited)",
				);
				INFOPLIST_FILE = RooftopsHorizonTests/Info.plist;
				LD_RUNPATH_SEARCH_PATHS = "$(inherited) @executable_path/Frameworks @loader_path/Frameworks";
				PRODUCT_NAME = "$(TARGET_NAME)";
				TEST_HOST = "$(BUILT_PRODUCTS_DIR)/RooftopsHorizon.app/RooftopsHorizon";
			};
			name = Release;
		};
/* End XCBuildConfiguration section */

/* Begin XCConfigurationList section */
		AB443EFE19E8610D004D1B0E /* Build configuration list for PBXProject "RooftopsHorizon" */ = {
			isa = XCConfigurationList;
			buildConfigurations = (
				AB443F2419E8610D004D1B0E /* Debug */,
				AB443F2519E8610D004D1B0E /* Release */,
			);
			defaultConfigurationIsVisible = 0;
			defaultConfigurationName = Release;
		};
		AB443F2619E8610D004D1B0E /* Build configuration list for PBXNativeTarget "RooftopsHorizon" */ = {
			isa = XCConfigurationList;
			buildConfigurations = (
				AB443F2719E8610D004D1B0E /* Debug */,
				AB443F2819E8610D004D1B0E /* Release */,
			);
			defaultConfigurationIsVisible = 0;
			defaultConfigurationName = Release;
		};
		AB443F2919E8610D004D1B0E /* Build configuration list for PBXNativeTarget "RooftopsHorizonTests" */ = {
			isa = XCConfigurationList;
			buildConfigurations = (
				AB443F2A19E8610D004D1B0E /* Debug */,
				AB443F2B19E8610D004D1B0E /* Release */,
			);
			defaultConfigurationIsVisible = 0;
			defaultConfigurationName = Release;
		};
/* End XCConfigurationList section */
	};
	rootObject = AB443EFB19E8610D004D1B0E /* Project object */;
}
